
Microsoft Visual Studio Solution File, Format Version 12.00
# Visual Studio 14
VisualStudioVersion = 14.0.24720.0
MinimumVisualStudioVersion = 10.0.40219.1
Project("{8BC9CEB8-8B4A-11D0-8D11-00A0C91BC942}") = "DumpCore", "DumpCore.vcxproj", "{610DBC31-2C3C-4E5C-A2CC-8E8FA41BC46A}"
EndProject
Global
	GlobalSection(SolutionConfigurationPlatforms) = preSolution
		Debug|ARM = Debug|ARM
		Debug|x64 = Debug|x64
		Debug|x86 = Debug|x86
		Release|ARM = Release|ARM
		Release|x64 = Release|x64
		Release|x86 = Release|x86
	EndGlobalSection
	GlobalSection(ProjectConfigurationPlatforms) = postSolution
		{610DBC31-2C3C-4E5C-A2CC-8E8FA41BC46A}.Debug|ARM.ActiveCfg = Debug|ARM
		{610DBC31-2C3C-4E5C-A2CC-8E8FA41BC46A}.Debug|ARM.Build.0 = Debug|ARM
		{610DBC31-2C3C-4E5C-A2CC-8E8FA41BC46A}.Debug|x64.ActiveCfg = Debug|x64
		{610DBC31-2C3C-4E5C-A2CC-8E8FA41BC46A}.Debug|x64.Build.0 = Debug|x64
		{610DBC31-2C3C-4E5C-A2CC-8E8FA41BC46A}.Debug|x86.ActiveCfg = Debug|x86
		{610DBC31-2C3C-4E5C-A2CC-8E8FA41BC46A}.Debug|x86.Build.0 = Debug|x86
		{610DBC31-2C3C-4E5C-A2CC-8E8FA41BC46A}.Release|ARM.ActiveCfg = Release|ARM
		{610DBC31-2C3C-4E5C-A2CC-8E8FA41BC46A}.Release|ARM.Build.0 = Release|ARM
		{610DBC31-2C3C-4E5C-A2CC-8E8FA41BC46A}.Release|x64.ActiveCfg = Release|x64
		{610DBC31-2C3C-4E5C-A2CC-8E8FA41BC46A}.Release|x64.Build.0 = Release|x64
		{610DBC31-2C3C-4E5C-A2CC-8E8FA41BC46A}.Release|x86.ActiveCfg = Release|x86
		{610DBC31-2C3C-4E5C-A2CC-8E8FA41BC46A}.Release|x86.Build.0 = Release|x86
	EndGlobalSection
	GlobalSection(SolutionProperties) = preSolution
		HideSolutionNode = FALSE
	EndGlobalSection
EndGlobal
